
Microsoft Visual Studio Solution File, Format Version 12.00
# Visual Studio Version 17
VisualStudioVersion = 17.8.34330.188
MinimumVisualStudioVersion = 10.0.40219.1
Project("{FAE04EC0-301F-11D3-BF4B-00C04F79EFBC}") = "lib_repositorios", "lib_repositorios.csproj", "{3519D801-1663-42D4-983B-D7C56B48C26A}"
EndProject
Project("{FAE04EC0-301F-11D3-BF4B-00C04F79EFBC}") = "lib_dominio", "..\lin_dominio\lib_dominio.csproj", "{5C6CF92F-628E-4B03-A80B-F95F686EFD60}"
EndProject
Project("{2150E333-8FDC-42A3-9474-1A3956D46DE8}") = "2.Servicios", "2.Servicios", "{C192DE2F-50BA-433E-B7DC-5C716F75C336}"
EndProject
Project("{2150E333-8FDC-42A3-9474-1A3956D46DE8}") = "1.Presentaciones", "1.Presentaciones", "{26A43B09-D713-4FD6-8E57-C25557A921C2}"
EndProject
Project("{2150E333-8FDC-42A3-9474-1A3956D46DE8}") = "3.Nucleo", "3.Nucleo", "{45E82C3A-042E-43DE-9989-49B991742BAD}"
EndProject
Project("{2150E333-8FDC-42A3-9474-1A3956D46DE8}") = "4.Pruebas unitarias", "4.Pruebas unitarias", "{9E551BB3-B491-4DC4-8BDF-1A44F8B1797C}"
EndProject
Project("{FAE04EC0-301F-11D3-BF4B-00C04F79EFBC}") = "ConsolaPresentacion", "..\ConsolaPresentacion\ConsolaPresentacion.csproj", "{3A7EDDFC-45AE-4D5C-BFDA-F500A13FB7BB}"
EndProject
Global
	GlobalSection(SolutionConfigurationPlatforms) = preSolution
		Debug|Any CPU = Debug|Any CPU
		Release|Any CPU = Release|Any CPU
	EndGlobalSection
	GlobalSection(ProjectConfigurationPlatforms) = postSolution
		{3519D801-1663-42D4-983B-D7C56B48C26A}.Debug|Any CPU.ActiveCfg = Debug|Any CPU
		{3519D801-1663-42D4-983B-D7C56B48C26A}.Debug|Any CPU.Build.0 = Debug|Any CPU
		{3519D801-1663-42D4-983B-D7C56B48C26A}.Release|Any CPU.ActiveCfg = Release|Any CPU
		{3519D801-1663-42D4-983B-D7C56B48C26A}.Release|Any CPU.Build.0 = Release|Any CPU
		{5C6CF92F-628E-4B03-A80B-F95F686EFD60}.Debug|Any CPU.ActiveCfg = Debug|Any CPU
		{5C6CF92F-628E-4B03-A80B-F95F686EFD60}.Debug|Any CPU.Build.0 = Debug|Any CPU
		{5C6CF92F-628E-4B03-A80B-F95F686EFD60}.Release|Any CPU.ActiveCfg = Release|Any CPU
		{5C6CF92F-628E-4B03-A80B-F95F686EFD60}.Release|Any CPU.Build.0 = Release|Any CPU
		{3A7EDDFC-45AE-4D5C-BFDA-F500A13FB7BB}.Debug|Any CPU.ActiveCfg = Debug|Any CPU
		{3A7EDDFC-45AE-4D5C-BFDA-F500A13FB7BB}.Debug|Any CPU.Build.0 = Debug|Any CPU
		{3A7EDDFC-45AE-4D5C-BFDA-F500A13FB7BB}.Release|Any CPU.ActiveCfg = Release|Any CPU
		{3A7EDDFC-45AE-4D5C-BFDA-F500A13FB7BB}.Release|Any CPU.Build.0 = Release|Any CPU
	EndGlobalSection
	GlobalSection(SolutionProperties) = preSolution
		HideSolutionNode = FALSE
	EndGlobalSection
	GlobalSection(NestedProjects) = preSolution
		{3519D801-1663-42D4-983B-D7C56B48C26A} = {C192DE2F-50BA-433E-B7DC-5C716F75C336}
		{5C6CF92F-628E-4B03-A80B-F95F686EFD60} = {45E82C3A-042E-43DE-9989-49B991742BAD}
		{3A7EDDFC-45AE-4D5C-BFDA-F500A13FB7BB} = {26A43B09-D713-4FD6-8E57-C25557A921C2}
	EndGlobalSection
	GlobalSection(ExtensibilityGlobals) = postSolution
		SolutionGuid = {1D543D3C-F44C-4C86-9B89-4D6E6C4AAE74}
	EndGlobalSection
EndGlobal
